{
  "name": "Webpack",
  "version": "1.0.0",
  "lockfileVersion": 1,
  "requires": true,
  "dependencies": {
    "core-js": {
      "version": "2.5.1",
      "resolved": "https://registry.npmjs.org/core-js/-/core-js-2.5.1.tgz",
      "integrity": "sha1-rmh03GaTd4m4B1T/VCjfZoGcpQs="
    },
    "luxon": {
      "version": "0.0.20",
      "resolved": "https://registry.npmjs.org/luxon/-/luxon-0.0.20.tgz",
      "integrity": "sha512-l17rQlWlMHTlzV6VDDfGL/hAIwtPQjd06W1ufkZQxxtGZq/0ixglD46Vc7MbSuFXRZ1Fp4IbEyKGzoGFgYtjxg==",
      "requires": {
        "core-js": "2.5.1"
      }
    },
    "ramda": {
      "version": "0.25.0",
      "resolved": "https://registry.npmjs.org/ramda/-/ramda-0.25.0.tgz",
      "integrity": "sha512-GXpfrYVPwx3K7RQ6aYT8KPS8XViSXUVJT1ONhoKPE9VAleW42YE+U+8VEyGWt41EnEQW7gwecYJriTI0pKoecQ=="
    }
  }
}
